// !$*UTF8*$!
{
	archiveVersion = 1;
	classes = {
	};
	objectVersion = 46;
	objects = {

/* Begin PBXBuildFile section */
		3CB54DD11EC42F8E0068175D /* main.m in Sources */ = {isa = PBXBuildFile; fileRef = 3CB54DD01EC42F8E0068175D /* main.m */; };
		3CB54DD41EC42F8E0068175D /* AppDelegate.m in Sources */ = {isa = PBXBuildFile; fileRef = 3CB54DD31EC42F8E0068175D /* AppDelegate.m */; };
		3CB54DD71EC42F8E0068175D /* ViewController.m in Sources */ = {isa = PBXBuildFile; fileRef = 3CB54DD61EC42F8E0068175D /* ViewController.m */; };
		3CB54DDA1EC42F8E0068175D /* Main.storyboard in Resources */ = {isa = PBXBuildFile; fileRef = 3CB54DD81EC42F8E0068175D /* Main.storyboard */; };
		3CB54DDC1EC42F8E0068175D /* Assets.xcassets in Resources */ = {isa = PBXBuildFile; fileRef = 3CB54DDB1EC42F8E0068175D /* Assets.xcassets */; };
		3CB54DDF1EC42F8E0068175D /* LaunchScreen.storyboard in Resources */ = {isa = PBXBuildFile; fileRef = 3CB54DDD1EC42F8E0068175D /* LaunchScreen.storyboard */; };
/* End PBXBuildFile section */

/* Begin PBXFileReference section */
		3CB54DCC1EC42F8E0068175D /* kamyWidget.app */ = {isa = PBXFileReference; explicitFileType = wrapper.application; includeInIndex = 0; path = kamyWidget.app; sourceTree = BUILT_PRODUCTS_DIR; };
		3CB54DD01EC42F8E0068175D /* main.m */ = {isa = PBXFileReference; lastKnownFileType = sourcecode.c.objc; path = main.m; sourceTree = "<group>"; };
		3CB54DD21EC42F8E0068175D /* AppDelegate.h */ = {isa = PBXFileReference; lastKnownFileType = sourcecode.c.h; path = AppDelegate.h; sourceTree = "<group>"; };
		3CB54DD31EC42F8E0068175D /* AppDelegate.m */ = {isa = PBXFileReference; lastKnownFileType = sourcecode.c.objc; path = AppDelegate.m; sourceTree = "<group>"; };
		3CB54DD51EC42F8E0068175D /* ViewController.h */ = {isa = PBXFileReference; lastKnownFileType = sourcecode.c.h; path = ViewController.h; sourceTree = "<group>"; };
		3CB54DD61EC42F8E0068175D /* ViewController.m */ = {isa = PBXFileReference; lastKnownFileType = sourcecode.c.objc; path = ViewController.m; sourceTree = "<group>"; };
		3CB54DD91EC42F8E0068175D /* Base */ = {isa = PBXFileReference; lastKnownFileType = file.storyboard; name = Base; path = Base.lproj/Main.storyboard; sourceTree = "<group>"; };
		3CB54DDB1EC42F8E0068175D /* Assets.xcassets */ = {isa = PBXFileReference; lastKnownFileType = folder.assetcatalog; path = Assets.xcassets; sourceTree = "<group>"; };
		3CB54DDE1EC42F8E0068175D /* Base */ = {isa = PBXFileReference; lastKnownFileType = file.storyboard; name = Base; path = Base.lproj/LaunchScreen.storyboard; sourceTree = "<group>"; };
		3CB54DE01EC42F8E0068175D /* Info.plist */ = {isa = PBXFileReference; lastKnownFileType = text.plist.xml; path = Info.plist; sourceTree = "<group>"; };
/* End PBXFileReference section */

/* Begin PBXFrameworksBuildPhase section */
		3CB54DC91EC42F8E0068175D /* Frameworks */ = {
			isa = PBXFrameworksBuildPhase;
			buildActionMask = 2147483647;
			files = (
			);
			runOnlyForDeploymentPostprocessing = 0;
		};
/* End PBXFrameworksBuildPhase section */

/* Begin PBXGroup section */
		3CB54DC31EC42F8D0068175D = {
			isa = PBXGroup;
			children = (
				3CB54DCE1EC42F8E0068175D /* kamyWidget */,
				3CB54DCD1EC42F8E0068175D /* Products */,
			);
			sourceTree = "<group>";
		};
		3CB54DCD1EC42F8E0068175D /* Products */ = {
			isa = PBXGroup;
			children = (
				3CB54DCC1EC42F8E0068175D /* kamyWidget.app */,
			);
			name = Products;
			sourceTree = "<group>";
		};
		3CB54DCE1EC42F8E0068175D /* kamyWidget */ = {
			isa = PBXGroup;
			children = (
				3CB54DD21EC42F8E0068175D /* AppDelegate.h */,
				3CB54DD31EC42F8E0068175D /* AppDelegate.m */,
				3CB54DD51EC42F8E0068175D /* ViewController.h */,
				3CB54DD61EC42F8E0068175D /* ViewController.m */,
				3CB54DD81EC42F8E0068175D /* Main.storyboard */,
				3CB54DDB1EC42F8E0068175D /* Assets.xcassets */,
				3CB54DDD1EC42F8E0068175D /* LaunchScreen.storyboard */,
				3CB54DE01EC42F8E0068175D /* Info.plist */,
				3CB54DCF1EC42F8E0068175D /* Supporting Files */,
			);
			path = kamyWidget;
			sourceTree = "<group>";
		};
		3CB54DCF1EC42F8E0068175D /* Supporting Files */ = {
			isa = PBXGroup;
			children = (
				3CB54DD01EC42F8E0068175D /* main.m */,
			);
			name = "Supporting Files";
			sourceTree = "<group>";
		};
/* End PBXGroup section */

/* Begin PBXNativeTarget section */
		3CB54DCB1EC42F8E0068175D /* kamyWidget */ = {
			isa = PBXNativeTarget;
			buildConfigurationList = 3CB54DE31EC42F8E0068175D /* Build configuration list for PBXNativeTarget "kamyWidget" */;
			buildPhases = (
				3CB54DC81EC42F8E0068175D /* Sources */,
				3CB54DC91EC42F8E0068175D /* Frameworks */,
				3CB54DCA1EC42F8E0068175D /* Resources */,
			);
			buildRules = (
			);
			dependencies = (
			);
			name = kamyWidget;
			productName = kamyWidget;
			productReference = 3CB54DCC1EC42F8E0068175D /* kamyWidget.app */;
			productType = "com.apple.product-type.application";
		};
/* End PBXNativeTarget section */

/* Begin PBXProject section */
		3CB54DC41EC42F8E0068175D /* Project object */ = {
			isa = PBXProject;
			attributes = {
				LastUpgradeCheck = 0830;
				ORGANIZATIONNAME = xiaoshi;
				TargetAttributes = {
					3CB54DCB1EC42F8E0068175D = {
						CreatedOnToolsVersion = 8.3.2;
						DevelopmentTeam = 9CJP9J82HZ;
						ProvisioningStyle = Automatic;
					};
				};
			};
			buildConfigurationList = 3CB54DC71EC42F8E0068175D /* Build configuration list for PBXProject "kamyWidget" */;
			compatibilityVersion = "Xcode 3.2";
			developmentRegion = English;
			hasScannedForEncodings = 0;
			knownRegions = (
				en,
				Base,
			);
			mainGroup = 3CB54DC31EC42F8D0068175D;
			productRefGroup = 3CB54DCD1EC42F8E0068175D /* Products */;
			projectDirPath = "";
			projectRoot = "";
			targets = (
				3CB54DCB1EC42F8E0068175D /* kamyWidget */,
			);
		};
/* End PBXProject section */

/* Begin PBXResourcesBuildPhase section */
		3CB54DCA1EC42F8E0068175D /* Resources */ = {
			isa = PBXResourcesBuildPhase;
			buildActionMask = 2147483647;
			files = (
				3CB54DDF1EC42F8E0068175D /* LaunchScreen.storyboard in Resources */,
				3CB54DDC1EC42F8E0068175D /* Assets.xcassets in Resources */,
				3CB54DDA1EC42F8E0068175D /* Main.storyboard in Resources */,
			);
			runOnlyForDeploymentPostprocessing = 0;
		};
/* End PBXResourcesBuildPhase section */

/* Begin PBXSourcesBuildPhase section */
		3CB54DC81EC42F8E0068175D /* Sources */ = {
			isa = PBXSourcesBuildPhase;
			buildActionMask = 2147483647;
			files = (
				3CB54DD71EC42F8E0068175D /* ViewController.m in Sources */,
				3CB54DD41EC42F8E0068175D /* AppDelegate.m in Sources */,
				3CB54DD11EC42F8E0068175D /* main.m in Sources */,
			);
			runOnlyForDeploymentPostprocessing = 0;
		};
/* End PBXSourcesBuildPhase section */

/* Begin PBXVariantGroup section */
		3CB54DD81EC42F8E0068175D /* Main.storyboard */ = {
			isa = PBXVariantGroup;
			children = (
				3CB54DD91EC42F8E0068175D /* Base */,
			);
			name = Main.storyboard;
			sourceTree = "<group>";
		};
		3CB54DDD1EC42F8E0068175D /* LaunchScreen.storyboard */ = {
			isa = PBXVariantGroup;
			children = (
				3CB54DDE1EC42F8E0068175D /* Base */,
			);
			name = LaunchScreen.storyboard;
			sourceTree = "<group>";
		};
/* End PBXVariantGroup section */

/* Begin XCBuildConfiguration section */
		3CB54DE11EC42F8E0068175D /* Debug */ = {
			isa = XCBuildConfiguration;
			buildSettings = {
				ALWAYS_SEARCH_USER_PATHS = NO;
				CLANG_ANALYZER_NONNULL = YES;
				CLANG_ANALYZER_NUMBER_OBJECT_CONVERSION = YES_AGGRESSIVE;
				CLANG_CXX_LANGUAGE_STANDARD = "gnu++0x";
				CLANG_CXX_LIBRARY = "libc++";
				CLANG_ENABLE_MODULES = YES;
				CLANG_ENABLE_OBJC_ARC = YES;
				CLANG_WARN_BOOL_CONVERSION = YES;
				CLANG_WARN_CONSTANT_CONVERSION = YES;
				CLANG_WARN_DIRECT_OBJC_ISA_USAGE = YES_ERROR;
				CLANG_WARN_DOCUMENTATION_COMMENTS = YES;
				CLANG_WARN_EMPTY_BODY = YES;
				CLANG_WARN_ENUM_CONVERSION = YES;
				CLANG_WARN_INFINITE_RECURSION = YES;
				CLANG_WARN_INT_CONVERSION = YES;
				CLANG_WARN_OBJC_ROOT_CLASS = YES_ERROR;
				CLANG_WARN_SUSPICIOUS_MOVE = YES;
				CLANG_WARN_UNREACHABLE_CODE = YES;
				CLANG_WARN__DUPLICATE_METHOD_MATCH = YES;
				"CODE_SIGN_IDENTITY[sdk=iphoneos*]" = "iPhone Developer";
				COPY_PHASE_STRIP = NO;
				DEBUG_INFORMATION_FORMAT = dwarf;
				ENABLE_STRICT_OBJC_MSGSEND = YES;
				ENABLE_TESTABILITY = YES;
				GCC_C_LANGUAGE_STANDARD = gnu99;
				GCC_DYNAMIC_NO_PIC = NO;
				GCC_NO_COMMON_BLOCKS = YES;
				GCC_OPTIMIZATION_LEVEL = 0;
				GCC_PREPROCESSOR_DEFINITIONS = (
					"DEBUG=1",
					"$(inherited)",
				);
				GCC_WARN_64_TO_32_BIT_CONVERSION = YES;
				GCC_WARN_ABOUT_RETURN_TYPE = YES_ERROR;
				GCC_WARN_UNDECLARED_SELECTOR = YES;
				GCC_WARN_UNINITIALIZED_AUTOS = YES_AGGRESSIVE;
				GCC_WARN_UNUSED_FUNCTION = YES;
				GCC_WARN_UNUSED_VARIABLE = YES;
				IPHONEOS_DEPLOYMENT_TARGET = 10.3;
				MTL_ENABLE_DEBUG_INFO = YES;
				ONLY_ACTIVE_ARCH = YES;
				SDKROOT = iphoneos;
			};
			name = Debug;
		};
		3CB54DE21EC42F8E0068175D /* Release */ = {
			isa = XCBuildConfiguration;
			buildSettings = {
				ALWAYS_SEARCH_USER_PATHS = NO;
				CLANG_ANALYZER_NONNULL = YES;
				CLANG_ANALYZER_NUMBER_OBJECT_CONVERSION = YES_AGGRESSIVE;
				CLANG_CXX_LANGUAGE_STANDARD = "gnu++0x";
				CLANG_CXX_LIBRARY = "libc++";
				CLANG_ENABLE_MODULES = YES;
				CLANG_ENABLE_OBJC_ARC = YES;
				CLANG_WARN_BOOL_CONVERSION = YES;
				CLANG_WARN_CONSTANT_CONVERSION = YES;
				CLANG_WARN_DIRECT_OBJC_ISA_USAGE = YES_ERROR;
				CLANG_WARN_DOCUMENTATION_COMMENTS = YES;
				CLANG_WARN_EMPTY_BODY = YES;
				CLANG_WARN_ENUM_CONVERSION = YES;
				CLANG_WARN_INFINITE_RECURSION = YES;
				CLANG_WARN_INT_CONVERSION = YES;
				CLANG_WARN_OBJC_ROOT_CLASS = YES_ERROR;
				CLANG_WARN_SUSPICIOUS_MOVE = YES;
				CLANG_WARN_UNREACHABLE_CODE = YES;
				CLANG_WARN__DUPLICATE_METHOD_MATCH = YES;
				"CODE_SIGN_IDENTITY[sdk=iphoneos*]" = "iPhone Developer";
				COPY_PHASE_STRIP = NO;
				DEBUG_INFORMATION_FORMAT = "dwarf-with-dsym";
				ENABLE_NS_ASSERTIONS = NO;
				ENABLE_STRICT_OBJC_MSGSEND = YES;
				GCC_C_LANGUAGE_STANDARD = gnu99;
				GCC_NO_COMMON_BLOCKS = YES;
				GCC_WARN_64_TO_32_BIT_CONVERSION = YES;
				GCC_WARN_ABOUT_RETURN_TYPE = YES_ERROR;
				GCC_WARN_UNDECLARED_SELECTOR = YES;
				GCC_WARN_UNINITIALIZED_AUTOS = YES_AGGRESSIVE;
				GCC_WARN_UNUSED_FUNCTION = YES;
				GCC_WARN_UNUSED_VARIABLE = YES;
				IPHONEOS_DEPLOYMENT_TARGET = 10.3;
				MTL_ENABLE_DEBUG_INFO = NO;
				SDKROOT = iphoneos;
				VALIDATE_PRODUCT = YES;
			};
			name = Release;
		};
		3CB54DE41EC42F8E0068175D /* Debug */ = {
			isa = XCBuildConfiguration;
			buildSettings = {
				ASSETCATALOG_COMPILER_APPICON_NAME = AppIcon;
				DEVELOPMENT_TEAM = 9CJP9J82HZ;
				INFOPLIST_FILE = kamyWidget/Info.plist;
				LD_RUNPATH_SEARCH_PATHS = "$(inherited) @executable_path/Frameworks";
				PRODUCT_BUNDLE_IDENTIFIER = com.kamyWidget;
				PRODUCT_NAME = "$(TARGET_NAME)";
			};
			name = Debug;
		};
		3CB54DE51EC42F8E0068175D /* Release */ = {
			isa = XCBuildConfiguration;
			buildSettings = {
				ASSETCATALOG_COMPILER_APPICON_NAME = AppIcon;
				DEVELOPMENT_TEAM = 9CJP9J82HZ;
				INFOPLIST_FILE = kamyWidget/Info.plist;
				LD_RUNPATH_SEARCH_PATHS = "$(inherited) @executable_path/Frameworks";
				PRODUCT_BUNDLE_IDENTIFIER = com.kamyWidget;
				PRODUCT_NAME = "$(TARGET_NAME)";
			};
			name = Release;
		};
/* End XCBuildConfiguration section */

/* Begin XCConfigurationList section */
		3CB54DC71EC42F8E0068175D /* Build configuration list for PBXProject "kamyWidget" */ = {
			isa = XCConfigurationList;
			buildConfigurations = (
				3CB54DE11EC42F8E0068175D /* Debug */,
				3CB54DE21EC42F8E0068175D /* Release */,
			);
			defaultConfigurationIsVisible = 0;
			defaultConfigurationName = Release;
		};
		3CB54DE31EC42F8E0068175D /* Build configuration list for PBXNativeTarget "kamyWidget" */ = {
			isa = XCConfigurationList;
			buildConfigurations = (
				3CB54DE41EC42F8E0068175D /* Debug */,
				3CB54DE51EC42F8E0068175D /* Release */,
			);
			defaultConfigurationIsVisible = 0;
		};
/* End XCConfigurationList section */
	};
	rootObject = 3CB54DC41EC42F8E0068175D /* Project object */;
}
